
Microsoft Visual Studio Solution File, Format Version 12.00
# Visual Studio Version 17
VisualStudioVersion = 17.6.33815.320
MinimumVisualStudioVersion = 10.0.40219.1
Project("{9A19103F-16F7-4668-BE54-9A1E7A4F7556}") = "RPSLS", "RPSLS\RPSLS.csproj", "{C1BE594E-BCE3-4EBD-A2D5-3BB146E04994}"
EndProject
Project("{FAE04EC0-301F-11D3-BF4B-00C04F79EFBC}") = "RPSLSLevel3.Tests", "RPSLSLevel3.Tests\RPSLSLevel3.Tests.csproj", "{EEA08609-8640-4B62-8AA4-3EF161880CDC}"
EndProject
Global
	GlobalSection(SolutionConfigurationPlatforms) = preSolution
		Debug|Any CPU = Debug|Any CPU
		Release|Any CPU = Release|Any CPU
	EndGlobalSection
	GlobalSection(ProjectConfigurationPlatforms) = postSolution
		{C1BE594E-BCE3-4EBD-A2D5-3BB146E04994}.Debug|Any CPU.ActiveCfg = Debug|Any CPU
		{C1BE594E-BCE3-4EBD-A2D5-3BB146E04994}.Debug|Any CPU.Build.0 = Debug|Any CPU
		{C1BE594E-BCE3-4EBD-A2D5-3BB146E04994}.Release|Any CPU.ActiveCfg = Release|Any CPU
		{C1BE594E-BCE3-4EBD-A2D5-3BB146E04994}.Release|Any CPU.Build.0 = Release|Any CPU
		{EEA08609-8640-4B62-8AA4-3EF161880CDC}.Debug|Any CPU.ActiveCfg = Debug|Any CPU
		{EEA08609-8640-4B62-8AA4-3EF161880CDC}.Debug|Any CPU.Build.0 = Debug|Any CPU
		{EEA08609-8640-4B62-8AA4-3EF161880CDC}.Release|Any CPU.ActiveCfg = Release|Any CPU
		{EEA08609-8640-4B62-8AA4-3EF161880CDC}.Release|Any CPU.Build.0 = Release|Any CPU
	EndGlobalSection
	GlobalSection(SolutionProperties) = preSolution
		HideSolutionNode = FALSE
	EndGlobalSection
	GlobalSection(ExtensibilityGlobals) = postSolution
		SolutionGuid = {F672C7AC-8A68-4A9D-9AF0-15CCD7677F10}
	EndGlobalSection
EndGlobal
